# This file is autogenerated, do not edit; changes may be undone by the next 'dep ensure'.


[[projects]]
  branch = "master"
  name = "github.com/golang-collections/collections"
  packages = ["stack"]
  revision = "604e922904d35e97f98a774db7881f049cd8d970"

[[projects]]
  name = "github.com/llir/llvm"
  packages = [
    "internal/enc",
    "internal/floats",
    "ir",
    "ir/constant",
    "ir/metadata",
    "ir/types",
    "ir/value"
  ]
  revision = "39a7f4ad4a4b76e2141305c055e6812b6039fa46"
  version = "v0.2"

[[projects]]
  name = "github.com/pkg/errors"
  packages = ["."]
  revision = "645ef00459ed84a119197bfb8d8205042c6df63d"
  version = "v0.8.0"

[solve-meta]
  analyzer-name = "dep"
  analyzer-version = 1
  inputs-digest = "28c47a0f90e26e65639b94075cb4bb677af26554a193075435ce6a53264a850b"
  solver-name = "gps-cdcl"
  solver-version = 1
