# This file is autogenerated, do not edit; changes may be undone by the next 'dep ensure'.


[[projects]]
  branch = "master"
  name = "github.com/golang-collections/collections"
  packages = ["stack"]
  revision = "604e922904d35e97f98a774db7881f049cd8d970"

[solve-meta]
  analyzer-name = "dep"
  analyzer-version = 1
  inputs-digest = "391ffb863bd735700028b969e275ecf163b75c9e482ba35a67bd203698c1f21a"
  solver-name = "gps-cdcl"
  solver-version = 1
